
Microsoft Visual Studio Solution File, Format Version 12.00
# Visual Studio Version 17
VisualStudioVersion = 17.14.36518.9 d17.14
MinimumVisualStudioVersion = 10.0.40219.1
Project("{FAE04EC0-301F-11D3-BF4B-00C04F79EFBC}") = "Manu.AiAssistant.WebApi", "Manu.AiAssistant.WebApi\Manu.AiAssistant.WebApi.csproj", "{033F1C1B-0E52-4C18-A856-65C8EA5FD267}"
EndProject
Global
	GlobalSection(SolutionConfigurationPlatforms) = preSolution
		Debug|Any CPU = Debug|Any CPU
		Release|Any CPU = Release|Any CPU
	EndGlobalSection
	GlobalSection(ProjectConfigurationPlatforms) = postSolution
		{033F1C1B-0E52-4C18-A856-65C8EA5FD267}.Debug|Any CPU.ActiveCfg = Debug|Any CPU
		{033F1C1B-0E52-4C18-A856-65C8EA5FD267}.Debug|Any CPU.Build.0 = Debug|Any CPU
		{033F1C1B-0E52-4C18-A856-65C8EA5FD267}.Release|Any CPU.ActiveCfg = Release|Any CPU
		{033F1C1B-0E52-4C18-A856-65C8EA5FD267}.Release|Any CPU.Build.0 = Release|Any CPU
	EndGlobalSection
	GlobalSection(SolutionProperties) = preSolution
		HideSolutionNode = FALSE
	EndGlobalSection
	GlobalSection(ExtensibilityGlobals) = postSolution
		SolutionGuid = {51E8B226-1D30-4021-BEBB-70257874C2B1}
	EndGlobalSection
EndGlobal
